// !$*UTF8*$!
{
	archiveVersion = 1;
	classes = {
	};
	objectVersion = 77;
	objects = {

/* Begin PBXBuildFile section */
		DE7245FB2E4B8C2E0034D03D /* TestSDK.swift in Sources */ = {isa = PBXBuildFile; fileRef = DE7245F72E4B8C2E0034D03D /* TestSDK.swift */; };
		DE7245FC2E4B8C2E0034D03D /* Untitled.swift in Sources */ = {isa = PBXBuildFile; fileRef = DE7245F82E4B8C2E0034D03D /* Untitled.swift */; };
		DECDDAE22E4B6F6800808526 /* TestSDK.framework in Frameworks */ = {isa = PBXBuildFile; fileRef = DECDDAD62E4B6F6800808526 /* TestSDK.framework */; };
		DEE0F54C2E4B7445006EB705 /* FaceLiveness in Frameworks */ = {isa = PBXBuildFile; productRef = DEE0F54B2E4B7445006EB705 /* FaceLiveness */; };
/* End PBXBuildFile section */

/* Begin PBXContainerItemProxy section */
		DECDDAE32E4B6F6800808526 /* PBXContainerItemProxy */ = {
			isa = PBXContainerItemProxy;
			containerPortal = DECDDACD2E4B6F6800808526 /* Project object */;
			proxyType = 1;
			remoteGlobalIDString = DECDDAD52E4B6F6800808526;
			remoteInfo = TestSDK;
		};
/* End PBXContainerItemProxy section */

/* Begin PBXFileReference section */
		DE7245F72E4B8C2E0034D03D /* TestSDK.swift */ = {isa = PBXFileReference; lastKnownFileType = sourcecode.swift; path = TestSDK.swift; sourceTree = "<group>"; };
		DE7245F82E4B8C2E0034D03D /* Untitled.swift */ = {isa = PBXFileReference; lastKnownFileType = sourcecode.swift; path = Untitled.swift; sourceTree = "<group>"; };
		DECDDAD62E4B6F6800808526 /* TestSDK.framework */ = {isa = PBXFileReference; explicitFileType = wrapper.framework; includeInIndex = 0; path = TestSDK.framework; sourceTree = BUILT_PRODUCTS_DIR; };
		DECDDAE12E4B6F6800808526 /* TestSDKTests.xctest */ = {isa = PBXFileReference; explicitFileType = wrapper.cfbundle; includeInIndex = 0; path = TestSDKTests.xctest; sourceTree = BUILT_PRODUCTS_DIR; };
/* End PBXFileReference section */

/* Begin PBXFileSystemSynchronizedRootGroup section */
		DECDDAE52E4B6F6800808526 /* TestSDKTests */ = {
			isa = PBXFileSystemSynchronizedRootGroup;
			path = TestSDKTests;
			sourceTree = "<group>";
		};
/* End PBXFileSystemSynchronizedRootGroup section */

/* Begin PBXFrameworksBuildPhase section */
		DECDDAD32E4B6F6800808526 /* Frameworks */ = {
			isa = PBXFrameworksBuildPhase;
			buildActionMask = 2147483647;
			files = (
				DEE0F54C2E4B7445006EB705 /* FaceLiveness in Frameworks */,
			);
			runOnlyForDeploymentPostprocessing = 0;
		};
		DECDDADE2E4B6F6800808526 /* Frameworks */ = {
			isa = PBXFrameworksBuildPhase;
			buildActionMask = 2147483647;
			files = (
				DECDDAE22E4B6F6800808526 /* TestSDK.framework in Frameworks */,
			);
			runOnlyForDeploymentPostprocessing = 0;
		};
/* End PBXFrameworksBuildPhase section */

/* Begin PBXGroup section */
		DE7245F92E4B8C2E0034D03D /* TestSDK */ = {
			isa = PBXGroup;
			children = (
				DE7245F72E4B8C2E0034D03D /* TestSDK.swift */,
				DE7245F82E4B8C2E0034D03D /* Untitled.swift */,
			);
			path = TestSDK;
			sourceTree = "<group>";
		};
		DE7245FA2E4B8C2E0034D03D /* Sources */ = {
			isa = PBXGroup;
			children = (
				DE7245F92E4B8C2E0034D03D /* TestSDK */,
			);
			path = Sources;
			sourceTree = "<group>";
		};
		DECDDACC2E4B6F6800808526 = {
			isa = PBXGroup;
			children = (
				DECDDAE52E4B6F6800808526 /* TestSDKTests */,
				DECDDAD72E4B6F6800808526 /* Products */,
				DE7245FA2E4B8C2E0034D03D /* Sources */,
			);
			sourceTree = "<group>";
		};
		DECDDAD72E4B6F6800808526 /* Products */ = {
			isa = PBXGroup;
			children = (
				DECDDAD62E4B6F6800808526 /* TestSDK.framework */,
				DECDDAE12E4B6F6800808526 /* TestSDKTests.xctest */,
			);
			name = Products;
			sourceTree = "<group>";
		};
/* End PBXGroup section */

/* Begin PBXHeadersBuildPhase section */
		DECDDAD12E4B6F6800808526 /* Headers */ = {
			isa = PBXHeadersBuildPhase;
			buildActionMask = 2147483647;
			files = (
			);
			runOnlyForDeploymentPostprocessing = 0;
		};
/* End PBXHeadersBuildPhase section */

/* Begin PBXNativeTarget section */
		DECDDAD52E4B6F6800808526 /* TestSDK */ = {
			isa = PBXNativeTarget;
			buildConfigurationList = DECDDAEA2E4B6F6800808526 /* Build configuration list for PBXNativeTarget "TestSDK" */;
			buildPhases = (
				DECDDAD12E4B6F6800808526 /* Headers */,
				DECDDAD22E4B6F6800808526 /* Sources */,
				DECDDAD32E4B6F6800808526 /* Frameworks */,
				DECDDAD42E4B6F6800808526 /* Resources */,
			);
			buildRules = (
			);
			dependencies = (
			);
			name = TestSDK;
			packageProductDependencies = (
				DEE0F54B2E4B7445006EB705 /* FaceLiveness */,
			);
			productName = TestSDK;
			productReference = DECDDAD62E4B6F6800808526 /* TestSDK.framework */;
			productType = "com.apple.product-type.framework";
		};
		DECDDAE02E4B6F6800808526 /* TestSDKTests */ = {
			isa = PBXNativeTarget;
			buildConfigurationList = DECDDAED2E4B6F6800808526 /* Build configuration list for PBXNativeTarget "TestSDKTests" */;
			buildPhases = (
				DECDDADD2E4B6F6800808526 /* Sources */,
				DECDDADE2E4B6F6800808526 /* Frameworks */,
				DECDDADF2E4B6F6800808526 /* Resources */,
			);
			buildRules = (
			);
			dependencies = (
				DECDDAE42E4B6F6800808526 /* PBXTargetDependency */,
			);
			fileSystemSynchronizedGroups = (
				DECDDAE52E4B6F6800808526 /* TestSDKTests */,
			);
			name = TestSDKTests;
			packageProductDependencies = (
			);
			productName = TestSDKTests;
			productReference = DECDDAE12E4B6F6800808526 /* TestSDKTests.xctest */;
			productType = "com.apple.product-type.bundle.unit-test";
		};
/* End PBXNativeTarget section */

/* Begin PBXProject section */
		DECDDACD2E4B6F6800808526 /* Project object */ = {
			isa = PBXProject;
			attributes = {
				BuildIndependentTargetsInParallel = 1;
				LastSwiftUpdateCheck = 2600;
				LastUpgradeCheck = 2600;
				TargetAttributes = {
					DECDDAD52E4B6F6800808526 = {
						CreatedOnToolsVersion = 26.0;
					};
					DECDDAE02E4B6F6800808526 = {
						CreatedOnToolsVersion = 26.0;
					};
				};
			};
			buildConfigurationList = DECDDAD02E4B6F6800808526 /* Build configuration list for PBXProject "TestSDK" */;
			developmentRegion = en;
			hasScannedForEncodings = 0;
			knownRegions = (
				en,
				Base,
			);
			mainGroup = DECDDACC2E4B6F6800808526;
			minimizedProjectReferenceProxies = 1;
			packageReferences = (
				DEE0F54A2E4B7445006EB705 /* XCRemoteSwiftPackageReference "amplify-ui-swift-liveness" */,
			);
			preferredProjectObjectVersion = 77;
			productRefGroup = DECDDAD72E4B6F6800808526 /* Products */;
			projectDirPath = "";
			projectRoot = "";
			targets = (
				DECDDAD52E4B6F6800808526 /* TestSDK */,
				DECDDAE02E4B6F6800808526 /* TestSDKTests */,
			);
		};
/* End PBXProject section */

/* Begin PBXResourcesBuildPhase section */
		DECDDAD42E4B6F6800808526 /* Resources */ = {
			isa = PBXResourcesBuildPhase;
			buildActionMask = 2147483647;
			files = (
			);
			runOnlyForDeploymentPostprocessing = 0;
		};
		DECDDADF2E4B6F6800808526 /* Resources */ = {
			isa = PBXResourcesBuildPhase;
			buildActionMask = 2147483647;
			files = (
			);
			runOnlyForDeploymentPostprocessing = 0;
		};
/* End PBXResourcesBuildPhase section */

/* Begin PBXSourcesBuildPhase section */
		DECDDAD22E4B6F6800808526 /* Sources */ = {
			isa = PBXSourcesBuildPhase;
			buildActionMask = 2147483647;
			files = (
				DE7245FB2E4B8C2E0034D03D /* TestSDK.swift in Sources */,
				DE7245FC2E4B8C2E0034D03D /* Untitled.swift in Sources */,
			);
			runOnlyForDeploymentPostprocessing = 0;
		};
		DECDDADD2E4B6F6800808526 /* Sources */ = {
			isa = PBXSourcesBuildPhase;
			buildActionMask = 2147483647;
			files = (
			);
			runOnlyForDeploymentPostprocessing = 0;
		};
/* End PBXSourcesBuildPhase section */

/* Begin PBXTargetDependency section */
		DECDDAE42E4B6F6800808526 /* PBXTargetDependency */ = {
			isa = PBXTargetDependency;
			target = DECDDAD52E4B6F6800808526 /* TestSDK */;
			targetProxy = DECDDAE32E4B6F6800808526 /* PBXContainerItemProxy */;
		};
/* End PBXTargetDependency section */

/* Begin XCBuildConfiguration section */
		DECDDAE82E4B6F6800808526 /* Debug */ = {
			isa = XCBuildConfiguration;
			buildSettings = {
				ALWAYS_SEARCH_USER_PATHS = NO;
				ASSETCATALOG_COMPILER_GENERATE_SWIFT_ASSET_SYMBOL_EXTENSIONS = YES;
				CLANG_ANALYZER_NONNULL = YES;
				CLANG_ANALYZER_NUMBER_OBJECT_CONVERSION = YES_AGGRESSIVE;
				CLANG_CXX_LANGUAGE_STANDARD = "gnu++20";
				CLANG_ENABLE_MODULES = YES;
				CLANG_ENABLE_OBJC_ARC = YES;
				CLANG_ENABLE_OBJC_WEAK = YES;
				CLANG_WARN_BLOCK_CAPTURE_AUTORELEASING = YES;
				CLANG_WARN_BOOL_CONVERSION = YES;
				CLANG_WARN_COMMA = YES;
				CLANG_WARN_CONSTANT_CONVERSION = YES;
				CLANG_WARN_DEPRECATED_OBJC_IMPLEMENTATIONS = YES;
				CLANG_WARN_DIRECT_OBJC_ISA_USAGE = YES_ERROR;
				CLANG_WARN_DOCUMENTATION_COMMENTS = YES;
				CLANG_WARN_EMPTY_BODY = YES;
				CLANG_WARN_ENUM_CONVERSION = YES;
				CLANG_WARN_INFINITE_RECURSION = YES;
				CLANG_WARN_INT_CONVERSION = YES;
				CLANG_WARN_NON_LITERAL_NULL_CONVERSION = YES;
				CLANG_WARN_OBJC_IMPLICIT_RETAIN_SELF = YES;
				CLANG_WARN_OBJC_LITERAL_CONVERSION = YES;
				CLANG_WARN_OBJC_ROOT_CLASS = YES_ERROR;
				CLANG_WARN_QUOTED_INCLUDE_IN_FRAMEWORK_HEADER = YES;
				CLANG_WARN_RANGE_LOOP_ANALYSIS = YES;
				CLANG_WARN_STRICT_PROTOTYPES = YES;
				CLANG_WARN_SUSPICIOUS_MOVE = YES;
				CLANG_WARN_UNGUARDED_AVAILABILITY = YES_AGGRESSIVE;
				CLANG_WARN_UNREACHABLE_CODE = YES;
				CLANG_WARN__DUPLICATE_METHOD_MATCH = YES;
				COPY_PHASE_STRIP = NO;
				CURRENT_PROJECT_VERSION = 1;
				DEBUG_INFORMATION_FORMAT = dwarf;
				ENABLE_STRICT_OBJC_MSGSEND = YES;
				ENABLE_TESTABILITY = YES;
				ENABLE_USER_SCRIPT_SANDBOXING = YES;
				GCC_C_LANGUAGE_STANDARD = gnu17;
				GCC_DYNAMIC_NO_PIC = NO;
				GCC_NO_COMMON_BLOCKS = YES;
				GCC_OPTIMIZATION_LEVEL = 0;
				GCC_PREPROCESSOR_DEFINITIONS = (
					"DEBUG=1",
					"$(inherited)",
				);
				GCC_WARN_64_TO_32_BIT_CONVERSION = YES;
				GCC_WARN_ABOUT_RETURN_TYPE = YES_ERROR;
				GCC_WARN_UNDECLARED_SELECTOR = YES;
				GCC_WARN_UNINITIALIZED_AUTOS = YES_AGGRESSIVE;
				GCC_WARN_UNUSED_FUNCTION = YES;
				GCC_WARN_UNUSED_VARIABLE = YES;
				IPHONEOS_DEPLOYMENT_TARGET = 26.0;
				LOCALIZATION_PREFERS_STRING_CATALOGS = YES;
				MTL_ENABLE_DEBUG_INFO = INCLUDE_SOURCE;
				MTL_FAST_MATH = YES;
				ONLY_ACTIVE_ARCH = YES;
				SDKROOT = iphoneos;
				SWIFT_ACTIVE_COMPILATION_CONDITIONS = "DEBUG $(inherited)";
				SWIFT_OPTIMIZATION_LEVEL = "-Onone";
				VERSIONING_SYSTEM = "apple-generic";
				VERSION_INFO_PREFIX = "";
			};
			name = Debug;
		};
		DECDDAE92E4B6F6800808526 /* Release */ = {
			isa = XCBuildConfiguration;
			buildSettings = {
				ALWAYS_SEARCH_USER_PATHS = NO;
				ASSETCATALOG_COMPILER_GENERATE_SWIFT_ASSET_SYMBOL_EXTENSIONS = YES;
				CLANG_ANALYZER_NONNULL = YES;
				CLANG_ANALYZER_NUMBER_OBJECT_CONVERSION = YES_AGGRESSIVE;
				CLANG_CXX_LANGUAGE_STANDARD = "gnu++20";
				CLANG_ENABLE_MODULES = YES;
				CLANG_ENABLE_OBJC_ARC = YES;
				CLANG_ENABLE_OBJC_WEAK = YES;
				CLANG_WARN_BLOCK_CAPTURE_AUTORELEASING = YES;
				CLANG_WARN_BOOL_CONVERSION = YES;
				CLANG_WARN_COMMA = YES;
				CLANG_WARN_CONSTANT_CONVERSION = YES;
				CLANG_WARN_DEPRECATED_OBJC_IMPLEMENTATIONS = YES;
				CLANG_WARN_DIRECT_OBJC_ISA_USAGE = YES_ERROR;
				CLANG_WARN_DOCUMENTATION_COMMENTS = YES;
				CLANG_WARN_EMPTY_BODY = YES;
				CLANG_WARN_ENUM_CONVERSION = YES;
				CLANG_WARN_INFINITE_RECURSION = YES;
				CLANG_WARN_INT_CONVERSION = YES;
				CLANG_WARN_NON_LITERAL_NULL_CONVERSION = YES;
				CLANG_WARN_OBJC_IMPLICIT_RETAIN_SELF = YES;
				CLANG_WARN_OBJC_LITERAL_CONVERSION = YES;
				CLANG_WARN_OBJC_ROOT_CLASS = YES_ERROR;
				CLANG_WARN_QUOTED_INCLUDE_IN_FRAMEWORK_HEADER = YES;
				CLANG_WARN_RANGE_LOOP_ANALYSIS = YES;
				CLANG_WARN_STRICT_PROTOTYPES = YES;
				CLANG_WARN_SUSPICIOUS_MOVE = YES;
				CLANG_WARN_UNGUARDED_AVAILABILITY = YES_AGGRESSIVE;
				CLANG_WARN_UNREACHABLE_CODE = YES;
				CLANG_WARN__DUPLICATE_METHOD_MATCH = YES;
				COPY_PHASE_STRIP = NO;
				CURRENT_PROJECT_VERSION = 1;
				DEBUG_INFORMATION_FORMAT = "dwarf-with-dsym";
				ENABLE_NS_ASSERTIONS = NO;
				ENABLE_STRICT_OBJC_MSGSEND = YES;
				ENABLE_USER_SCRIPT_SANDBOXING = YES;
				GCC_C_LANGUAGE_STANDARD = gnu17;
				GCC_NO_COMMON_BLOCKS = YES;
				GCC_WARN_64_TO_32_BIT_CONVERSION = YES;
				GCC_WARN_ABOUT_RETURN_TYPE = YES_ERROR;
				GCC_WARN_UNDECLARED_SELECTOR = YES;
				GCC_WARN_UNINITIALIZED_AUTOS = YES_AGGRESSIVE;
				GCC_WARN_UNUSED_FUNCTION = YES;
				GCC_WARN_UNUSED_VARIABLE = YES;
				IPHONEOS_DEPLOYMENT_TARGET = 26.0;
				LOCALIZATION_PREFERS_STRING_CATALOGS = YES;
				MTL_ENABLE_DEBUG_INFO = NO;
				MTL_FAST_MATH = YES;
				SDKROOT = iphoneos;
				SWIFT_COMPILATION_MODE = wholemodule;
				VALIDATE_PRODUCT = YES;
				VERSIONING_SYSTEM = "apple-generic";
				VERSION_INFO_PREFIX = "";
			};
			name = Release;
		};
		DECDDAEB2E4B6F6800808526 /* Debug */ = {
			isa = XCBuildConfiguration;
			buildSettings = {
				BUILD_LIBRARY_FOR_DISTRIBUTION = YES;
				CODE_SIGN_STYLE = Automatic;
				CURRENT_PROJECT_VERSION = 1;
				DYLIB_COMPATIBILITY_VERSION = 1;
				DYLIB_CURRENT_VERSION = 1;
				DYLIB_INSTALL_NAME_BASE = "@rpath";
				ENABLE_MODULE_VERIFIER = YES;
				GENERATE_INFOPLIST_FILE = YES;
				INFOPLIST_KEY_NSHumanReadableCopyright = "";
				INSTALL_PATH = "$(LOCAL_LIBRARY_DIR)/Frameworks";
				IPHONEOS_DEPLOYMENT_TARGET = 15.6;
				LD_RUNPATH_SEARCH_PATHS = (
					"$(inherited)",
					"@executable_path/Frameworks",
					"@loader_path/Frameworks",
				);
				MARKETING_VERSION = 1.0;
				MODULE_VERIFIER_SUPPORTED_LANGUAGES = "objective-c objective-c++";
				MODULE_VERIFIER_SUPPORTED_LANGUAGE_STANDARDS = "gnu17 gnu++20";
				PRODUCT_BUNDLE_IDENTIFIER = dang.TestSDK;
				PRODUCT_NAME = "$(TARGET_NAME:c99extidentifier)";
				SKIP_INSTALL = YES;
				STRING_CATALOG_GENERATE_SYMBOLS = YES;
				SWIFT_APPROACHABLE_CONCURRENCY = YES;
				SWIFT_EMIT_LOC_STRINGS = YES;
				SWIFT_INSTALL_MODULE = YES;
				SWIFT_INSTALL_OBJC_HEADER = NO;
				SWIFT_UPCOMING_FEATURE_MEMBER_IMPORT_VISIBILITY = YES;
				SWIFT_VERSION = 5.0;
				TARGETED_DEVICE_FAMILY = "1,2";
			};
			name = Debug;
		};
		DECDDAEC2E4B6F6800808526 /* Release */ = {
			isa = XCBuildConfiguration;
			buildSettings = {
				BUILD_LIBRARY_FOR_DISTRIBUTION = YES;
				CODE_SIGN_STYLE = Automatic;
				CURRENT_PROJECT_VERSION = 1;
				DYLIB_COMPATIBILITY_VERSION = 1;
				DYLIB_CURRENT_VERSION = 1;
				DYLIB_INSTALL_NAME_BASE = "@rpath";
				ENABLE_MODULE_VERIFIER = YES;
				GENERATE_INFOPLIST_FILE = YES;
				INFOPLIST_KEY_NSHumanReadableCopyright = "";
				INSTALL_PATH = "$(LOCAL_LIBRARY_DIR)/Frameworks";
				IPHONEOS_DEPLOYMENT_TARGET = 15.6;
				LD_RUNPATH_SEARCH_PATHS = (
					"$(inherited)",
					"@executable_path/Frameworks",
					"@loader_path/Frameworks",
				);
				MARKETING_VERSION = 1.0;
				MODULE_VERIFIER_SUPPORTED_LANGUAGES = "objective-c objective-c++";
				MODULE_VERIFIER_SUPPORTED_LANGUAGE_STANDARDS = "gnu17 gnu++20";
				PRODUCT_BUNDLE_IDENTIFIER = dang.TestSDK;
				PRODUCT_NAME = "$(TARGET_NAME:c99extidentifier)";
				SKIP_INSTALL = YES;
				STRING_CATALOG_GENERATE_SYMBOLS = YES;
				SWIFT_APPROACHABLE_CONCURRENCY = YES;
				SWIFT_EMIT_LOC_STRINGS = YES;
				SWIFT_INSTALL_MODULE = YES;
				SWIFT_INSTALL_OBJC_HEADER = NO;
				SWIFT_UPCOMING_FEATURE_MEMBER_IMPORT_VISIBILITY = YES;
				SWIFT_VERSION = 5.0;
				TARGETED_DEVICE_FAMILY = "1,2";
			};
			name = Release;
		};
		DECDDAEE2E4B6F6800808526 /* Debug */ = {
			isa = XCBuildConfiguration;
			buildSettings = {
				CODE_SIGN_STYLE = Automatic;
				CURRENT_PROJECT_VERSION = 1;
				GENERATE_INFOPLIST_FILE = YES;
				MARKETING_VERSION = 1.0;
				PRODUCT_BUNDLE_IDENTIFIER = dang.TestSDKTests;
				PRODUCT_NAME = "$(TARGET_NAME)";
				STRING_CATALOG_GENERATE_SYMBOLS = NO;
				SWIFT_APPROACHABLE_CONCURRENCY = YES;
				SWIFT_EMIT_LOC_STRINGS = NO;
				SWIFT_UPCOMING_FEATURE_MEMBER_IMPORT_VISIBILITY = YES;
				SWIFT_VERSION = 5.0;
				TARGETED_DEVICE_FAMILY = "1,2";
			};
			name = Debug;
		};
		DECDDAEF2E4B6F6800808526 /* Release */ = {
			isa = XCBuildConfiguration;
			buildSettings = {
				CODE_SIGN_STYLE = Automatic;
				CURRENT_PROJECT_VERSION = 1;
				GENERATE_INFOPLIST_FILE = YES;
				MARKETING_VERSION = 1.0;
				PRODUCT_BUNDLE_IDENTIFIER = dang.TestSDKTests;
				PRODUCT_NAME = "$(TARGET_NAME)";
				STRING_CATALOG_GENERATE_SYMBOLS = NO;
				SWIFT_APPROACHABLE_CONCURRENCY = YES;
				SWIFT_EMIT_LOC_STRINGS = NO;
				SWIFT_UPCOMING_FEATURE_MEMBER_IMPORT_VISIBILITY = YES;
				SWIFT_VERSION = 5.0;
				TARGETED_DEVICE_FAMILY = "1,2";
			};
			name = Release;
		};
/* End XCBuildConfiguration section */

/* Begin XCConfigurationList section */
		DECDDAD02E4B6F6800808526 /* Build configuration list for PBXProject "TestSDK" */ = {
			isa = XCConfigurationList;
			buildConfigurations = (
				DECDDAE82E4B6F6800808526 /* Debug */,
				DECDDAE92E4B6F6800808526 /* Release */,
			);
			defaultConfigurationIsVisible = 0;
			defaultConfigurationName = Release;
		};
		DECDDAEA2E4B6F6800808526 /* Build configuration list for PBXNativeTarget "TestSDK" */ = {
			isa = XCConfigurationList;
			buildConfigurations = (
				DECDDAEB2E4B6F6800808526 /* Debug */,
				DECDDAEC2E4B6F6800808526 /* Release */,
			);
			defaultConfigurationIsVisible = 0;
			defaultConfigurationName = Release;
		};
		DECDDAED2E4B6F6800808526 /* Build configuration list for PBXNativeTarget "TestSDKTests" */ = {
			isa = XCConfigurationList;
			buildConfigurations = (
				DECDDAEE2E4B6F6800808526 /* Debug */,
				DECDDAEF2E4B6F6800808526 /* Release */,
			);
			defaultConfigurationIsVisible = 0;
			defaultConfigurationName = Release;
		};
/* End XCConfigurationList section */

/* Begin XCRemoteSwiftPackageReference section */
		DEE0F54A2E4B7445006EB705 /* XCRemoteSwiftPackageReference "amplify-ui-swift-liveness" */ = {
			isa = XCRemoteSwiftPackageReference;
			repositoryURL = "https://github.com/aws-amplify/amplify-ui-swift-liveness";
			requirement = {
				kind = upToNextMajorVersion;
				minimumVersion = 1.4.2;
			};
		};
/* End XCRemoteSwiftPackageReference section */

/* Begin XCSwiftPackageProductDependency section */
		DEE0F54B2E4B7445006EB705 /* FaceLiveness */ = {
			isa = XCSwiftPackageProductDependency;
			package = DEE0F54A2E4B7445006EB705 /* XCRemoteSwiftPackageReference "amplify-ui-swift-liveness" */;
			productName = FaceLiveness;
		};
/* End XCSwiftPackageProductDependency section */
	};
	rootObject = DECDDACD2E4B6F6800808526 /* Project object */;
}
